PODS:
  - Flutter (1.0.0)
  - flutter_secure_storage (3.3.1):
    - Flutter
  - FlutterPluginRegistrant (0.0.1):
    - Flutter
    - flutter_secure_storage

DEPENDENCIES:
  - Flutter (from `../.ios/Flutter/engine`)
  - flutter_secure_storage (from `../.ios/Flutter/.symlinks/flutter_secure_storage/ios`)
  - FlutterPluginRegistrant (from `../.ios/Flutter/FlutterPluginRegistrant`)

EXTERNAL SOURCES:
  Flutter:
    :path: "../.ios/Flutter/engine"
  flutter_secure_storage:
    :path: "../.ios/Flutter/.symlinks/flutter_secure_storage/ios"
  FlutterPluginRegistrant:
    :path: "../.ios/Flutter/FlutterPluginRegistrant"

SPEC CHECKSUMS:
  Flutter: 0e3d915762c693b495b44d77113d4970485de6ec
  flutter_secure_storage: 7953c38a04c3fdbb00571bcd87d8e3b5ceb9daec
  FlutterPluginRegistrant: 74a5d458a41d1c797543eb16b9337cc05c544e09

PODFILE CHECKSUM: 13bc5c974be51e2cb6735930c94a4d5e7f784ace

COCOAPODS: 1.8.4
